
Microsoft Visual Studio Solution File, Format Version 12.00
# Visual Studio Version 16
VisualStudioVersion = 16.0.29230.61
MinimumVisualStudioVersion = 10.0.40219.1
Project("{9A19103F-16F7-4668-BE54-9A1E7A4F7556}") = "StudentSurveySystemApi", "StudentSurveySystemApi\StudentSurveySystemApi.csproj", "{0DA79972-EB51-498F-9EAF-05EACA7436BB}"
EndProject
Global
	GlobalSection(SolutionConfigurationPlatforms) = preSolution
		Debug|Any CPU = Debug|Any CPU
		Release|Any CPU = Release|Any CPU
	EndGlobalSection
	GlobalSection(ProjectConfigurationPlatforms) = postSolution
		{0DA79972-EB51-498F-9EAF-05EACA7436BB}.Debug|Any CPU.ActiveCfg = Debug|Any CPU
		{0DA79972-EB51-498F-9EAF-05EACA7436BB}.Debug|Any CPU.Build.0 = Debug|Any CPU
		{0DA79972-EB51-498F-9EAF-05EACA7436BB}.Release|Any CPU.ActiveCfg = Release|Any CPU
		{0DA79972-EB51-498F-9EAF-05EACA7436BB}.Release|Any CPU.Build.0 = Release|Any CPU
	EndGlobalSection
	GlobalSection(SolutionProperties) = preSolution
		HideSolutionNode = FALSE
	EndGlobalSection
	GlobalSection(ExtensibilityGlobals) = postSolution
		SolutionGuid = {9C87D90D-7ED8-42C9-8E0B-AEB903C8B9CA}
	EndGlobalSection
EndGlobal
